
Microsoft Visual Studio Solution File, Format Version 12.00
# Visual Studio 15
VisualStudioVersion = 15.0.27703.2035
MinimumVisualStudioVersion = 10.0.40219.1
Project("{FAE04EC0-301F-11D3-BF4B-00C04F79EFBC}") = "SDA.MemoryGCDemo", "SDA.MemoryGCDemo\SDA.MemoryGCDemo.csproj", "{C61A7905-8DA4-4D70-B753-E2008A4D04C5}"
EndProject
Global
	GlobalSection(SolutionConfigurationPlatforms) = preSolution
		Debug|Any CPU = Debug|Any CPU
		Release|Any CPU = Release|Any CPU
	EndGlobalSection
	GlobalSection(ProjectConfigurationPlatforms) = postSolution
		{C61A7905-8DA4-4D70-B753-E2008A4D04C5}.Debug|Any CPU.ActiveCfg = Debug|Any CPU
		{C61A7905-8DA4-4D70-B753-E2008A4D04C5}.Debug|Any CPU.Build.0 = Debug|Any CPU
		{C61A7905-8DA4-4D70-B753-E2008A4D04C5}.Release|Any CPU.ActiveCfg = Release|Any CPU
		{C61A7905-8DA4-4D70-B753-E2008A4D04C5}.Release|Any CPU.Build.0 = Release|Any CPU
	EndGlobalSection
	GlobalSection(SolutionProperties) = preSolution
		HideSolutionNode = FALSE
	EndGlobalSection
	GlobalSection(ExtensibilityGlobals) = postSolution
		SolutionGuid = {9D1B3002-C4E8-4137-BD3C-33E740D3258E}
	EndGlobalSection
EndGlobal
